
Microsoft Visual Studio Solution File, Format Version 12.00
Project("{FAE04EC0-301F-11D3-BF4B-00C04F79EFBC}") = "ProjectOrleansServer", "ProjectOrleansServer\ProjectOrleansServer.csproj", "{8BDDA69A-B540-4FC7-8FED-B44C910C478C}"
EndProject
Project("{FAE04EC0-301F-11D3-BF4B-00C04F79EFBC}") = "DB", "DB\DB.csproj", "{4FA6BF58-8E25-4B9C-A37E-C064A8415269}"
EndProject
Project("{FAE04EC0-301F-11D3-BF4B-00C04F79EFBC}") = "Client", "Client\Client.csproj", "{6DFBD07F-58F5-4FB1-95C5-20AFCF94C223}"
EndProject
Project("{FAE04EC0-301F-11D3-BF4B-00C04F79EFBC}") = "Core", "Core\Core.csproj", "{440F9611-6A9C-43A3-81EE-D07E34604CC1}"
EndProject
Project("{FAE04EC0-301F-11D3-BF4B-00C04F79EFBC}") = "Gateway", "Gateway\Gateway.csproj", "{30878A79-AABE-4E40-A407-082525887D57}"
EndProject
Project("{FAE04EC0-301F-11D3-BF4B-00C04F79EFBC}") = "Hotel", "Hotel\Hotel.csproj", "{9AE9C6CE-1378-4957-BA77-D96E81AA5F00}"
EndProject
Global
	GlobalSection(SolutionConfigurationPlatforms) = preSolution
		Debug|Any CPU = Debug|Any CPU
		Release|Any CPU = Release|Any CPU
	EndGlobalSection
	GlobalSection(ProjectConfigurationPlatforms) = postSolution
		{8BDDA69A-B540-4FC7-8FED-B44C910C478C}.Debug|Any CPU.ActiveCfg = Debug|Any CPU
		{8BDDA69A-B540-4FC7-8FED-B44C910C478C}.Debug|Any CPU.Build.0 = Debug|Any CPU
		{8BDDA69A-B540-4FC7-8FED-B44C910C478C}.Release|Any CPU.ActiveCfg = Release|Any CPU
		{8BDDA69A-B540-4FC7-8FED-B44C910C478C}.Release|Any CPU.Build.0 = Release|Any CPU
		{4FA6BF58-8E25-4B9C-A37E-C064A8415269}.Debug|Any CPU.ActiveCfg = Debug|Any CPU
		{4FA6BF58-8E25-4B9C-A37E-C064A8415269}.Debug|Any CPU.Build.0 = Debug|Any CPU
		{4FA6BF58-8E25-4B9C-A37E-C064A8415269}.Release|Any CPU.ActiveCfg = Release|Any CPU
		{4FA6BF58-8E25-4B9C-A37E-C064A8415269}.Release|Any CPU.Build.0 = Release|Any CPU
		{6DFBD07F-58F5-4FB1-95C5-20AFCF94C223}.Debug|Any CPU.ActiveCfg = Debug|Any CPU
		{6DFBD07F-58F5-4FB1-95C5-20AFCF94C223}.Debug|Any CPU.Build.0 = Debug|Any CPU
		{6DFBD07F-58F5-4FB1-95C5-20AFCF94C223}.Release|Any CPU.ActiveCfg = Release|Any CPU
		{6DFBD07F-58F5-4FB1-95C5-20AFCF94C223}.Release|Any CPU.Build.0 = Release|Any CPU
		{440F9611-6A9C-43A3-81EE-D07E34604CC1}.Debug|Any CPU.ActiveCfg = Debug|Any CPU
		{440F9611-6A9C-43A3-81EE-D07E34604CC1}.Debug|Any CPU.Build.0 = Debug|Any CPU
		{440F9611-6A9C-43A3-81EE-D07E34604CC1}.Release|Any CPU.ActiveCfg = Release|Any CPU
		{440F9611-6A9C-43A3-81EE-D07E34604CC1}.Release|Any CPU.Build.0 = Release|Any CPU
		{30878A79-AABE-4E40-A407-082525887D57}.Debug|Any CPU.ActiveCfg = Debug|Any CPU
		{30878A79-AABE-4E40-A407-082525887D57}.Debug|Any CPU.Build.0 = Debug|Any CPU
		{30878A79-AABE-4E40-A407-082525887D57}.Release|Any CPU.ActiveCfg = Release|Any CPU
		{30878A79-AABE-4E40-A407-082525887D57}.Release|Any CPU.Build.0 = Release|Any CPU
		{9AE9C6CE-1378-4957-BA77-D96E81AA5F00}.Debug|Any CPU.ActiveCfg = Debug|Any CPU
		{9AE9C6CE-1378-4957-BA77-D96E81AA5F00}.Debug|Any CPU.Build.0 = Debug|Any CPU
		{9AE9C6CE-1378-4957-BA77-D96E81AA5F00}.Release|Any CPU.ActiveCfg = Release|Any CPU
		{9AE9C6CE-1378-4957-BA77-D96E81AA5F00}.Release|Any CPU.Build.0 = Release|Any CPU
	EndGlobalSection
EndGlobal
